
Microsoft Visual Studio Solution File, Format Version 11.00
# Visual Studio 2010
Project("{FAE04EC0-301F-11D3-BF4B-00C04F79EFBC}") = "SymbolicManipulation", "SymbolicManipulation\SymbolicManipulation.csproj", "{E75B6B35-4C48-43B5-83A3-4B62DEA8143A}"
EndProject
Global
	GlobalSection(SolutionConfigurationPlatforms) = preSolution
		Debug|x86 = Debug|x86
		Release|x86 = Release|x86
	EndGlobalSection
	GlobalSection(ProjectConfigurationPlatforms) = postSolution
		{E75B6B35-4C48-43B5-83A3-4B62DEA8143A}.Debug|x86.ActiveCfg = Debug|x86
		{E75B6B35-4C48-43B5-83A3-4B62DEA8143A}.Debug|x86.Build.0 = Debug|x86
		{E75B6B35-4C48-43B5-83A3-4B62DEA8143A}.Release|x86.ActiveCfg = Release|x86
		{E75B6B35-4C48-43B5-83A3-4B62DEA8143A}.Release|x86.Build.0 = Release|x86
	EndGlobalSection
	GlobalSection(SolutionProperties) = preSolution
		HideSolutionNode = FALSE
	EndGlobalSection
EndGlobal
